// !$*UTF8*$!
{
	archiveVersion = 1;
	classes = {
	};
	objectVersion = 56;
	objects = {

/* Begin PBXBuildFile section */
		7BC2C31FEBF41C65CD8E046F /* Pods_jangbaguni.framework in Frameworks */ = {isa = PBXBuildFile; fileRef = A7A00B28FE2AB8B384B96CDB /* Pods_jangbaguni.framework */; };
		CBD5D4BA29616F9E00FBC9E8 /* OrderCompletedVC.swift in Sources */ = {isa = PBXBuildFile; fileRef = CBD5D4B929616F9E00FBC9E8 /* OrderCompletedVC.swift */; };
		CBD5D4BE2961761200FBC9E8 /* Menu.swift in Sources */ = {isa = PBXBuildFile; fileRef = CBD5D4BD2961761200FBC9E8 /* Menu.swift */; };
		CBD5D4C0296177F200FBC9E8 /* OrderViewModel.swift in Sources */ = {isa = PBXBuildFile; fileRef = CBD5D4BF296177F200FBC9E8 /* OrderViewModel.swift */; };
		CBD5D4C32961923800FBC9E8 /* NetworkManager.swift in Sources */ = {isa = PBXBuildFile; fileRef = CBD5D4C22961923800FBC9E8 /* NetworkManager.swift */; };
		CBD5D4C6296195B400FBC9E8 /* ErrorMessage.swift in Sources */ = {isa = PBXBuildFile; fileRef = CBD5D4C5296195B400FBC9E8 /* ErrorMessage.swift */; };
		CBD804DF2960488E006E157B /* AppDelegate.swift in Sources */ = {isa = PBXBuildFile; fileRef = CBD804DE2960488E006E157B /* AppDelegate.swift */; };
		CBD804E12960488E006E157B /* SceneDelegate.swift in Sources */ = {isa = PBXBuildFile; fileRef = CBD804E02960488E006E157B /* SceneDelegate.swift */; };
		CBD804E32960488E006E157B /* OrderVC.swift in Sources */ = {isa = PBXBuildFile; fileRef = CBD804E22960488E006E157B /* OrderVC.swift */; };
		CBD804E82960488F006E157B /* Assets.xcassets in Resources */ = {isa = PBXBuildFile; fileRef = CBD804E72960488F006E157B /* Assets.xcassets */; };
		CBD804EB2960488F006E157B /* LaunchScreen.storyboard in Resources */ = {isa = PBXBuildFile; fileRef = CBD804E92960488F006E157B /* LaunchScreen.storyboard */; };
		CBD804F329604947006E157B /* GoogleService-Info.plist in Resources */ = {isa = PBXBuildFile; fileRef = CBD804F229604947006E157B /* GoogleService-Info.plist */; };
/* End PBXBuildFile section */

/* Begin PBXFileReference section */
		A7A00B28FE2AB8B384B96CDB /* Pods_jangbaguni.framework */ = {isa = PBXFileReference; explicitFileType = wrapper.framework; includeInIndex = 0; path = Pods_jangbaguni.framework; sourceTree = BUILT_PRODUCTS_DIR; };
		BE46F30A9F7D6D9921045CCD /* Pods-jangbaguni.release.xcconfig */ = {isa = PBXFileReference; includeInIndex = 1; lastKnownFileType = text.xcconfig; name = "Pods-jangbaguni.release.xcconfig"; path = "Target Support Files/Pods-jangbaguni/Pods-jangbaguni.release.xcconfig"; sourceTree = "<group>"; };
		CBD5D4B929616F9E00FBC9E8 /* OrderCompletedVC.swift */ = {isa = PBXFileReference; lastKnownFileType = sourcecode.swift; path = OrderCompletedVC.swift; sourceTree = "<group>"; };
		CBD5D4BD2961761200FBC9E8 /* Menu.swift */ = {isa = PBXFileReference; lastKnownFileType = sourcecode.swift; path = Menu.swift; sourceTree = "<group>"; };
		CBD5D4BF296177F200FBC9E8 /* OrderViewModel.swift */ = {isa = PBXFileReference; lastKnownFileType = sourcecode.swift; path = OrderViewModel.swift; sourceTree = "<group>"; };
		CBD5D4C22961923800FBC9E8 /* NetworkManager.swift */ = {isa = PBXFileReference; lastKnownFileType = sourcecode.swift; path = NetworkManager.swift; sourceTree = "<group>"; };
		CBD5D4C5296195B400FBC9E8 /* ErrorMessage.swift */ = {isa = PBXFileReference; lastKnownFileType = sourcecode.swift; path = ErrorMessage.swift; sourceTree = "<group>"; };
		CBD804DB2960488E006E157B /* jangbaguni.app */ = {isa = PBXFileReference; explicitFileType = wrapper.application; includeInIndex = 0; path = jangbaguni.app; sourceTree = BUILT_PRODUCTS_DIR; };
		CBD804DE2960488E006E157B /* AppDelegate.swift */ = {isa = PBXFileReference; lastKnownFileType = sourcecode.swift; path = AppDelegate.swift; sourceTree = "<group>"; };
		CBD804E02960488E006E157B /* SceneDelegate.swift */ = {isa = PBXFileReference; lastKnownFileType = sourcecode.swift; path = SceneDelegate.swift; sourceTree = "<group>"; };
		CBD804E22960488E006E157B /* OrderVC.swift */ = {isa = PBXFileReference; lastKnownFileType = sourcecode.swift; path = OrderVC.swift; sourceTree = "<group>"; };
		CBD804E72960488F006E157B /* Assets.xcassets */ = {isa = PBXFileReference; lastKnownFileType = folder.assetcatalog; path = Assets.xcassets; sourceTree = "<group>"; };
		CBD804EA2960488F006E157B /* Base */ = {isa = PBXFileReference; lastKnownFileType = file.storyboard; name = Base; path = Base.lproj/LaunchScreen.storyboard; sourceTree = "<group>"; };
		CBD804EC2960488F006E157B /* Info.plist */ = {isa = PBXFileReference; lastKnownFileType = text.plist.xml; path = Info.plist; sourceTree = "<group>"; };
		CBD804F229604947006E157B /* GoogleService-Info.plist */ = {isa = PBXFileReference; fileEncoding = 4; lastKnownFileType = text.plist.xml; name = "GoogleService-Info.plist"; path = "../../../Downloads/GoogleService-Info.plist"; sourceTree = "<group>"; };
		FC307EEFDB93292EDAE74FA9 /* Pods-jangbaguni.debug.xcconfig */ = {isa = PBXFileReference; includeInIndex = 1; lastKnownFileType = text.xcconfig; name = "Pods-jangbaguni.debug.xcconfig"; path = "Target Support Files/Pods-jangbaguni/Pods-jangbaguni.debug.xcconfig"; sourceTree = "<group>"; };
/* End PBXFileReference section */

/* Begin PBXFrameworksBuildPhase section */
		CBD804D82960488E006E157B /* Frameworks */ = {
			isa = PBXFrameworksBuildPhase;
			buildActionMask = 2147483647;
			files = (
				7BC2C31FEBF41C65CD8E046F /* Pods_jangbaguni.framework in Frameworks */,
			);
			runOnlyForDeploymentPostprocessing = 0;
		};
/* End PBXFrameworksBuildPhase section */

/* Begin PBXGroup section */
		0B82EB1AEF9B743F15AF2D27 /* Pods */ = {
			isa = PBXGroup;
			children = (
				FC307EEFDB93292EDAE74FA9 /* Pods-jangbaguni.debug.xcconfig */,
				BE46F30A9F7D6D9921045CCD /* Pods-jangbaguni.release.xcconfig */,
			);
			path = Pods;
			sourceTree = "<group>";
		};
		13728458335CF7327D00FE7E /* Frameworks */ = {
			isa = PBXGroup;
			children = (
				A7A00B28FE2AB8B384B96CDB /* Pods_jangbaguni.framework */,
			);
			name = Frameworks;
			sourceTree = "<group>";
		};
		CBD5D4B429616DCD00FBC9E8 /* ViewModel */ = {
			isa = PBXGroup;
			children = (
				CBD5D4BF296177F200FBC9E8 /* OrderViewModel.swift */,
			);
			path = ViewModel;
			sourceTree = "<group>";
		};
		CBD5D4B529616DD700FBC9E8 /* View */ = {
			isa = PBXGroup;
			children = (
			);
			path = View;
			sourceTree = "<group>";
		};
		CBD5D4B629616DE700FBC9E8 /* Model */ = {
			isa = PBXGroup;
			children = (
				CBD5D4BD2961761200FBC9E8 /* Menu.swift */,
			);
			path = Model;
			sourceTree = "<group>";
		};
		CBD5D4B829616EF400FBC9E8 /* ViewController */ = {
			isa = PBXGroup;
			children = (
				CBD804E22960488E006E157B /* OrderVC.swift */,
				CBD5D4B929616F9E00FBC9E8 /* OrderCompletedVC.swift */,
			);
			path = ViewController;
			sourceTree = "<group>";
		};
		CBD5D4C1296191F700FBC9E8 /* Manager */ = {
			isa = PBXGroup;
			children = (
				CBD5D4C22961923800FBC9E8 /* NetworkManager.swift */,
			);
			path = Manager;
			sourceTree = "<group>";
		};
		CBD5D4C42961959D00FBC9E8 /* Util */ = {
			isa = PBXGroup;
			children = (
				CBD5D4C5296195B400FBC9E8 /* ErrorMessage.swift */,
			);
			path = Util;
			sourceTree = "<group>";
		};
		CBD804D22960488D006E157B = {
			isa = PBXGroup;
			children = (
				CBD804DD2960488E006E157B /* jangbaguni */,
				CBD804DC2960488E006E157B /* Products */,
				0B82EB1AEF9B743F15AF2D27 /* Pods */,
				13728458335CF7327D00FE7E /* Frameworks */,
			);
			sourceTree = "<group>";
		};
		CBD804DC2960488E006E157B /* Products */ = {
			isa = PBXGroup;
			children = (
				CBD804DB2960488E006E157B /* jangbaguni.app */,
			);
			name = Products;
			sourceTree = "<group>";
		};
		CBD804DD2960488E006E157B /* jangbaguni */ = {
			isa = PBXGroup;
			children = (
				CBD5D4C1296191F700FBC9E8 /* Manager */,
				CBD5D4B629616DE700FBC9E8 /* Model */,
				CBD5D4B529616DD700FBC9E8 /* View */,
				CBD5D4B429616DCD00FBC9E8 /* ViewModel */,
				CBD5D4B829616EF400FBC9E8 /* ViewController */,
				CBD5D4C42961959D00FBC9E8 /* Util */,
				CBD804F229604947006E157B /* GoogleService-Info.plist */,
				CBD804DE2960488E006E157B /* AppDelegate.swift */,
				CBD804E02960488E006E157B /* SceneDelegate.swift */,
				CBD804E72960488F006E157B /* Assets.xcassets */,
				CBD804E92960488F006E157B /* LaunchScreen.storyboard */,
				CBD804EC2960488F006E157B /* Info.plist */,
			);
			path = jangbaguni;
			sourceTree = "<group>";
		};
/* End PBXGroup section */

/* Begin PBXNativeTarget section */
		CBD804DA2960488E006E157B /* jangbaguni */ = {
			isa = PBXNativeTarget;
			buildConfigurationList = CBD804EF2960488F006E157B /* Build configuration list for PBXNativeTarget "jangbaguni" */;
			buildPhases = (
				11175BB762DA208559B43DD8 /* [CP] Check Pods Manifest.lock */,
				CBD804D72960488E006E157B /* Sources */,
				CBD804D82960488E006E157B /* Frameworks */,
				CBD804D92960488E006E157B /* Resources */,
			);
			buildRules = (
			);
			dependencies = (
			);
			name = jangbaguni;
			productName = jangbaguni;
			productReference = CBD804DB2960488E006E157B /* jangbaguni.app */;
			productType = "com.apple.product-type.application";
		};
/* End PBXNativeTarget section */

/* Begin PBXProject section */
		CBD804D32960488D006E157B /* Project object */ = {
			isa = PBXProject;
			attributes = {
				BuildIndependentTargetsInParallel = 1;
				LastSwiftUpdateCheck = 1410;
				LastUpgradeCheck = 1410;
				TargetAttributes = {
					CBD804DA2960488E006E157B = {
						CreatedOnToolsVersion = 14.1;
					};
				};
			};
			buildConfigurationList = CBD804D62960488D006E157B /* Build configuration list for PBXProject "jangbaguni" */;
			compatibilityVersion = "Xcode 14.0";
			developmentRegion = en;
			hasScannedForEncodings = 0;
			knownRegions = (
				en,
				Base,
			);
			mainGroup = CBD804D22960488D006E157B;
			productRefGroup = CBD804DC2960488E006E157B /* Products */;
			projectDirPath = "";
			projectRoot = "";
			targets = (
				CBD804DA2960488E006E157B /* jangbaguni */,
			);
		};
/* End PBXProject section */

/* Begin PBXResourcesBuildPhase section */
		CBD804D92960488E006E157B /* Resources */ = {
			isa = PBXResourcesBuildPhase;
			buildActionMask = 2147483647;
			files = (
				CBD804EB2960488F006E157B /* LaunchScreen.storyboard in Resources */,
				CBD804F329604947006E157B /* GoogleService-Info.plist in Resources */,
				CBD804E82960488F006E157B /* Assets.xcassets in Resources */,
			);
			runOnlyForDeploymentPostprocessing = 0;
		};
/* End PBXResourcesBuildPhase section */

/* Begin PBXShellScriptBuildPhase section */
		11175BB762DA208559B43DD8 /* [CP] Check Pods Manifest.lock */ = {
			isa = PBXShellScriptBuildPhase;
			buildActionMask = 2147483647;
			files = (
			);
			inputFileListPaths = (
			);
			inputPaths = (
				"${PODS_PODFILE_DIR_PATH}/Podfile.lock",
				"${PODS_ROOT}/Manifest.lock",
			);
			name = "[CP] Check Pods Manifest.lock";
			outputFileListPaths = (
			);
			outputPaths = (
				"$(DERIVED_FILE_DIR)/Pods-jangbaguni-checkManifestLockResult.txt",
			);
			runOnlyForDeploymentPostprocessing = 0;
			shellPath = /bin/sh;
			shellScript = "diff \"${PODS_PODFILE_DIR_PATH}/Podfile.lock\" \"${PODS_ROOT}/Manifest.lock\" > /dev/null\nif [ $? != 0 ] ; then\n    # print error to STDERR\n    echo \"error: The sandbox is not in sync with the Podfile.lock. Run 'pod install' or update your CocoaPods installation.\" >&2\n    exit 1\nfi\n# This output is used by Xcode 'outputs' to avoid re-running this script phase.\necho \"SUCCESS\" > \"${SCRIPT_OUTPUT_FILE_0}\"\n";
			showEnvVarsInLog = 0;
		};
/* End PBXShellScriptBuildPhase section */

/* Begin PBXSourcesBuildPhase section */
		CBD804D72960488E006E157B /* Sources */ = {
			isa = PBXSourcesBuildPhase;
			buildActionMask = 2147483647;
			files = (
				CBD5D4C6296195B400FBC9E8 /* ErrorMessage.swift in Sources */,
				CBD804E32960488E006E157B /* OrderVC.swift in Sources */,
				CBD804DF2960488E006E157B /* AppDelegate.swift in Sources */,
				CBD804E12960488E006E157B /* SceneDelegate.swift in Sources */,
				CBD5D4C32961923800FBC9E8 /* NetworkManager.swift in Sources */,
				CBD5D4C0296177F200FBC9E8 /* OrderViewModel.swift in Sources */,
				CBD5D4BA29616F9E00FBC9E8 /* OrderCompletedVC.swift in Sources */,
				CBD5D4BE2961761200FBC9E8 /* Menu.swift in Sources */,
			);
			runOnlyForDeploymentPostprocessing = 0;
		};
/* End PBXSourcesBuildPhase section */

/* Begin PBXVariantGroup section */
		CBD804E92960488F006E157B /* LaunchScreen.storyboard */ = {
			isa = PBXVariantGroup;
			children = (
				CBD804EA2960488F006E157B /* Base */,
			);
			name = LaunchScreen.storyboard;
			sourceTree = "<group>";
		};
/* End PBXVariantGroup section */

/* Begin XCBuildConfiguration section */
		CBD804ED2960488F006E157B /* Debug */ = {
			isa = XCBuildConfiguration;
			buildSettings = {
				ALWAYS_SEARCH_USER_PATHS = NO;
				CLANG_ANALYZER_NONNULL = YES;
				CLANG_ANALYZER_NUMBER_OBJECT_CONVERSION = YES_AGGRESSIVE;
				CLANG_CXX_LANGUAGE_STANDARD = "gnu++20";
				CLANG_ENABLE_MODULES = YES;
				CLANG_ENABLE_OBJC_ARC = YES;
				CLANG_ENABLE_OBJC_WEAK = YES;
				CLANG_WARN_BLOCK_CAPTURE_AUTORELEASING = YES;
				CLANG_WARN_BOOL_CONVERSION = YES;
				CLANG_WARN_COMMA = YES;
				CLANG_WARN_CONSTANT_CONVERSION = YES;
				CLANG_WARN_DEPRECATED_OBJC_IMPLEMENTATIONS = YES;
				CLANG_WARN_DIRECT_OBJC_ISA_USAGE = YES_ERROR;
				CLANG_WARN_DOCUMENTATION_COMMENTS = YES;
				CLANG_WARN_EMPTY_BODY = YES;
				CLANG_WARN_ENUM_CONVERSION = YES;
				CLANG_WARN_INFINITE_RECURSION = YES;
				CLANG_WARN_INT_CONVERSION = YES;
				CLANG_WARN_NON_LITERAL_NULL_CONVERSION = YES;
				CLANG_WARN_OBJC_IMPLICIT_RETAIN_SELF = YES;
				CLANG_WARN_OBJC_LITERAL_CONVERSION = YES;
				CLANG_WARN_OBJC_ROOT_CLASS = YES_ERROR;
				CLANG_WARN_QUOTED_INCLUDE_IN_FRAMEWORK_HEADER = YES;
				CLANG_WARN_RANGE_LOOP_ANALYSIS = YES;
				CLANG_WARN_STRICT_PROTOTYPES = YES;
				CLANG_WARN_SUSPICIOUS_MOVE = YES;
				CLANG_WARN_UNGUARDED_AVAILABILITY = YES_AGGRESSIVE;
				CLANG_WARN_UNREACHABLE_CODE = YES;
				CLANG_WARN__DUPLICATE_METHOD_MATCH = YES;
				COPY_PHASE_STRIP = NO;
				DEBUG_INFORMATION_FORMAT = dwarf;
				ENABLE_STRICT_OBJC_MSGSEND = YES;
				ENABLE_TESTABILITY = YES;
				GCC_C_LANGUAGE_STANDARD = gnu11;
				GCC_DYNAMIC_NO_PIC = NO;
				GCC_NO_COMMON_BLOCKS = YES;
				GCC_OPTIMIZATION_LEVEL = 0;
				GCC_PREPROCESSOR_DEFINITIONS = (
					"DEBUG=1",
					"$(inherited)",
				);
				GCC_WARN_64_TO_32_BIT_CONVERSION = YES;
				GCC_WARN_ABOUT_RETURN_TYPE = YES_ERROR;
				GCC_WARN_UNDECLARED_SELECTOR = YES;
				GCC_WARN_UNINITIALIZED_AUTOS = YES_AGGRESSIVE;
				GCC_WARN_UNUSED_FUNCTION = YES;
				GCC_WARN_UNUSED_VARIABLE = YES;
				IPHONEOS_DEPLOYMENT_TARGET = 16.1;
				MTL_ENABLE_DEBUG_INFO = INCLUDE_SOURCE;
				MTL_FAST_MATH = YES;
				ONLY_ACTIVE_ARCH = YES;
				SDKROOT = iphoneos;
				SWIFT_ACTIVE_COMPILATION_CONDITIONS = DEBUG;
				SWIFT_OPTIMIZATION_LEVEL = "-Onone";
			};
			name = Debug;
		};
		CBD804EE2960488F006E157B /* Release */ = {
			isa = XCBuildConfiguration;
			buildSettings = {
				ALWAYS_SEARCH_USER_PATHS = NO;
				CLANG_ANALYZER_NONNULL = YES;
				CLANG_ANALYZER_NUMBER_OBJECT_CONVERSION = YES_AGGRESSIVE;
				CLANG_CXX_LANGUAGE_STANDARD = "gnu++20";
				CLANG_ENABLE_MODULES = YES;
				CLANG_ENABLE_OBJC_ARC = YES;
				CLANG_ENABLE_OBJC_WEAK = YES;
				CLANG_WARN_BLOCK_CAPTURE_AUTORELEASING = YES;
				CLANG_WARN_BOOL_CONVERSION = YES;
				CLANG_WARN_COMMA = YES;
				CLANG_WARN_CONSTANT_CONVERSION = YES;
				CLANG_WARN_DEPRECATED_OBJC_IMPLEMENTATIONS = YES;
				CLANG_WARN_DIRECT_OBJC_ISA_USAGE = YES_ERROR;
				CLANG_WARN_DOCUMENTATION_COMMENTS = YES;
				CLANG_WARN_EMPTY_BODY = YES;
				CLANG_WARN_ENUM_CONVERSION = YES;
				CLANG_WARN_INFINITE_RECURSION = YES;
				CLANG_WARN_INT_CONVERSION = YES;
				CLANG_WARN_NON_LITERAL_NULL_CONVERSION = YES;
				CLANG_WARN_OBJC_IMPLICIT_RETAIN_SELF = YES;
				CLANG_WARN_OBJC_LITERAL_CONVERSION = YES;
				CLANG_WARN_OBJC_ROOT_CLASS = YES_ERROR;
				CLANG_WARN_QUOTED_INCLUDE_IN_FRAMEWORK_HEADER = YES;
				CLANG_WARN_RANGE_LOOP_ANALYSIS = YES;
				CLANG_WARN_STRICT_PROTOTYPES = YES;
				CLANG_WARN_SUSPICIOUS_MOVE = YES;
				CLANG_WARN_UNGUARDED_AVAILABILITY = YES_AGGRESSIVE;
				CLANG_WARN_UNREACHABLE_CODE = YES;
				CLANG_WARN__DUPLICATE_METHOD_MATCH = YES;
				COPY_PHASE_STRIP = NO;
				DEBUG_INFORMATION_FORMAT = "dwarf-with-dsym";
				ENABLE_NS_ASSERTIONS = NO;
				ENABLE_STRICT_OBJC_MSGSEND = YES;
				GCC_C_LANGUAGE_STANDARD = gnu11;
				GCC_NO_COMMON_BLOCKS = YES;
				GCC_WARN_64_TO_32_BIT_CONVERSION = YES;
				GCC_WARN_ABOUT_RETURN_TYPE = YES_ERROR;
				GCC_WARN_UNDECLARED_SELECTOR = YES;
				GCC_WARN_UNINITIALIZED_AUTOS = YES_AGGRESSIVE;
				GCC_WARN_UNUSED_FUNCTION = YES;
				GCC_WARN_UNUSED_VARIABLE = YES;
				IPHONEOS_DEPLOYMENT_TARGET = 16.1;
				MTL_ENABLE_DEBUG_INFO = NO;
				MTL_FAST_MATH = YES;
				SDKROOT = iphoneos;
				SWIFT_COMPILATION_MODE = wholemodule;
				SWIFT_OPTIMIZATION_LEVEL = "-O";
				VALIDATE_PRODUCT = YES;
			};
			name = Release;
		};
		CBD804F02960488F006E157B /* Debug */ = {
			isa = XCBuildConfiguration;
			baseConfigurationReference = FC307EEFDB93292EDAE74FA9 /* Pods-jangbaguni.debug.xcconfig */;
			buildSettings = {
				ASSETCATALOG_COMPILER_APPICON_NAME = AppIcon;
				ASSETCATALOG_COMPILER_GLOBAL_ACCENT_COLOR_NAME = AccentColor;
				CODE_SIGN_STYLE = Automatic;
				CURRENT_PROJECT_VERSION = 1;
				DEVELOPMENT_TEAM = TQX48B3375;
				GENERATE_INFOPLIST_FILE = YES;
				INFOPLIST_FILE = jangbaguni/Info.plist;
				INFOPLIST_KEY_CFBundleDisplayName = "장바구니";
				INFOPLIST_KEY_UIApplicationSupportsIndirectInputEvents = YES;
				INFOPLIST_KEY_UILaunchStoryboardName = LaunchScreen;
				INFOPLIST_KEY_UISupportedInterfaceOrientations = UIInterfaceOrientationPortrait;
				INFOPLIST_KEY_UISupportedInterfaceOrientations_iPad = "UIInterfaceOrientationLandscapeLeft UIInterfaceOrientationLandscapeRight UIInterfaceOrientationPortrait UIInterfaceOrientationPortraitUpsideDown";
				LD_RUNPATH_SEARCH_PATHS = (
					"$(inherited)",
					"@executable_path/Frameworks",
				);
				MARKETING_VERSION = 1.0;
				PRODUCT_BUNDLE_IDENTIFIER = hoonjoo.jangbaguni;
				PRODUCT_NAME = "$(TARGET_NAME)";
				SUPPORTED_PLATFORMS = "iphoneos iphonesimulator";
				SUPPORTS_MACCATALYST = NO;
				SUPPORTS_MAC_DESIGNED_FOR_IPHONE_IPAD = NO;
				SWIFT_EMIT_LOC_STRINGS = YES;
				SWIFT_VERSION = 5.0;
				TARGETED_DEVICE_FAMILY = 1;
			};
			name = Debug;
		};
		CBD804F12960488F006E157B /* Release */ = {
			isa = XCBuildConfiguration;
			baseConfigurationReference = BE46F30A9F7D6D9921045CCD /* Pods-jangbaguni.release.xcconfig */;
			buildSettings = {
				ASSETCATALOG_COMPILER_APPICON_NAME = AppIcon;
				ASSETCATALOG_COMPILER_GLOBAL_ACCENT_COLOR_NAME = AccentColor;
				CODE_SIGN_STYLE = Automatic;
				CURRENT_PROJECT_VERSION = 1;
				DEVELOPMENT_TEAM = TQX48B3375;
				GENERATE_INFOPLIST_FILE = YES;
				INFOPLIST_FILE = jangbaguni/Info.plist;
				INFOPLIST_KEY_CFBundleDisplayName = "장바구니";
				INFOPLIST_KEY_UIApplicationSupportsIndirectInputEvents = YES;
				INFOPLIST_KEY_UILaunchStoryboardName = LaunchScreen;
				INFOPLIST_KEY_UISupportedInterfaceOrientations = UIInterfaceOrientationPortrait;
				INFOPLIST_KEY_UISupportedInterfaceOrientations_iPad = "UIInterfaceOrientationLandscapeLeft UIInterfaceOrientationLandscapeRight UIInterfaceOrientationPortrait UIInterfaceOrientationPortraitUpsideDown";
				LD_RUNPATH_SEARCH_PATHS = (
					"$(inherited)",
					"@executable_path/Frameworks",
				);
				MARKETING_VERSION = 1.0;
				PRODUCT_BUNDLE_IDENTIFIER = hoonjoo.jangbaguni;
				PRODUCT_NAME = "$(TARGET_NAME)";
				SUPPORTED_PLATFORMS = "iphoneos iphonesimulator";
				SUPPORTS_MACCATALYST = NO;
				SUPPORTS_MAC_DESIGNED_FOR_IPHONE_IPAD = NO;
				SWIFT_EMIT_LOC_STRINGS = YES;
				SWIFT_VERSION = 5.0;
				TARGETED_DEVICE_FAMILY = 1;
			};
			name = Release;
		};
/* End XCBuildConfiguration section */

/* Begin XCConfigurationList section */
		CBD804D62960488D006E157B /* Build configuration list for PBXProject "jangbaguni" */ = {
			isa = XCConfigurationList;
			buildConfigurations = (
				CBD804ED2960488F006E157B /* Debug */,
				CBD804EE2960488F006E157B /* Release */,
			);
			defaultConfigurationIsVisible = 0;
			defaultConfigurationName = Release;
		};
		CBD804EF2960488F006E157B /* Build configuration list for PBXNativeTarget "jangbaguni" */ = {
			isa = XCConfigurationList;
			buildConfigurations = (
				CBD804F02960488F006E157B /* Debug */,
				CBD804F12960488F006E157B /* Release */,
			);
			defaultConfigurationIsVisible = 0;
			defaultConfigurationName = Release;
		};
/* End XCConfigurationList section */
	};
	rootObject = CBD804D32960488D006E157B /* Project object */;
}
